github.com/PuerkitoBio/goquery v1.4.1 h1:smcIRGdYm/w7JSbcdeLHEMzxmsBQvl8lhf0dSw2nzMI=
github.com/PuerkitoBio/goquery v1.4.1/go.mod h1:T9ezsOHcCrDCgA8aF1Cqr3sSYbO/xgdy8/R/XiIMAhA=
github.com/alexflint/go-arg v0.0.0-20180516182405-f7c0423bd11e h1:dzrBxLIjiq17Da9DhY3svGRhptiUg1LUzdkOuFYjAzA=
github.com/alexflint/go-arg v0.0.0-20180516182405-f7c0423bd11e/go.mod h1:PHxo6ZWOLVMZZgWSAqBynb/KhIqoGO6WKwOVX7rM9dg=
github.com/alexflint/go-scalar v0.0.0-20170216020425-e80c3b7ed292 h1:0YTMOir1UPjebSvNmIrEKO9FFd+RZc1wwZHUrxfn4BI=
github.com/alexflint/go-scalar v0.0.0-20170216020425-e80c3b7ed292/go.mod h1:dgifnFPveotJNpwJdl1hDPu5vSuqVVUPIr3isfcvgBA=
github.com/andybalholm/cascadia v1.0.0 h1:hOCXnnZ5A+3eVDX8pvgl4kofXv2ELss0bKcqRySc45o=
github.com/andybalholm/cascadia v1.0.0/go.mod h1:GsXiBklL0woXo1j/WYWtSYYC4ouU9PqHO0sqidkEA4Y=
github.com/davecgh/go-spew v1.1.1 h1:vj9j/u1bqnvCEfJOwUhtlOARqs3+rkHYY13jYWTU97c=
github.com/davecgh/go-spew v1.1.1/go.mod h1:J7Y8YcW2NihsgmVo/mv3lAwl/skON4iLHjSsI+c5H38=
github.com/erikdubbelboer/gspt v0.0.0-20180711091504-e39e726e09cc h1:OkY8xo2eLXGykHkN5pIDD86KMFpPyn1uS6wfr9mBGG0=
github.com/erikdubbelboer/gspt v0.0.0-20180711091504-e39e726e09cc/go.mod h1:v6o7m/E9bfvm79dE1iFiF+3T7zLBnrjYjkWMa1J+Hv0=
github.com/frioux/mozcookiejar v0.0.2 h1:vAPbreMlaQsMPbedqv+h9OUMyLmtwWr9b1LqmOPcEYA=
github.com/frioux/mozcookiejar v0.0.2/go.mod h1:XA6YqSJViOtLsWH5dRSOj6nh/laBXu9EAdGFF6NEE9Q=
github.com/frioux/mozlz4 v0.0.1 h1:22TfRKdmz4QGmAxVB6IXKTMknPXjc1v+VdMaeqqTmPE=
github.com/frioux/mozlz4 v0.0.1/go.mod h1:nNYJvJfnYk9CR7BdhrVhccB7z8gYvUuOggNvqChYTk0=
github.com/frioux/netrc v0.0.0-20180205001430-19d128e0f715 h1:XfeQVMURsYQVf7SmEc9VuYzP+Yf+7RiagSPpisUFH1M=
github.com/frioux/netrc v0.0.0-20180205001430-19d128e0f715/go.mod h1:Y4qsRBVQEhuujHdjar/vt5NUZ6tB31Ua5hx47En02+0=
github.com/frioux/shellquote v0.0.2 h1:CvQ1aMCS/xhhyGF4JIeA49bhE3W1s5XdBkwmhH3BceQ=
github.com/frioux/shellquote v0.0.2/go.mod h1:1VoFO5LSUNqwAKp2QjSpf9b4PZ4ff+uKXPEjonuyJh8=
github.com/frioux/yaml v0.0.0-20180422015826-390d32f04db5/go.mod h1:hI93XBmqTisBFMUTm0b8Fm+jr3Dg1NNxqwp+5A1VGuI=
github.com/headzoo/surf v1.0.0 h1:d2h9ftKeQYj7tKqAjQtAA0lJVkO8cTxvzdXLynmNnHM=
github.com/headzoo/surf v1.0.0/go.mod h1:/bct0m/iMNEqpn520y01yoaWxsAEigGFPnvyR1ewR5M=
github.com/headzoo/ut v0.0.0-20140828025907-5657594ccf1d h1:U1M00tVrDhP4aWVdnaPqspiH7gsyVabPn9t3fkikH0k=
github.com/headzoo/ut v0.0.0-20140828025907-5657594ccf1d/go.mod h1:8926sG02TCOX4RFRzIMFIzRw4xuc/TwO2gtN7teMJZ4=
github.com/icza/backscanner v0.0.0-20180226082541-a77511ef4f0f h1:EEBVjzvzsiUwgWio/3WB2kYx7DtC3QVJKuK6XejFghE=
github.com/icza/backscanner v0.0.0-20180226082541-a77511ef4f0f/go.mod h1:mxjJy4NhAIQcnIf3X9PQBSjLMy+cKlTMgXsSNmyOtMA=
github.com/icza/mighty v0.0.0-20180222163138-6304d21ca645 h1:eW95VIphUVz8LAqMS2cjNWnd5xfu9EsMCRWLlYDz2qI=
github.com/icza/mighty v0.0.0-20180222163138-6304d21ca645/go.mod h1:xQig96I1VNBDIWGCdTt54nHt6EeI639SmHycLYL7FkA=
github.com/jeffjen/datefmt v0.0.0-20180806102909-4cdce70efce1 h1:c4OzI8cKr80qNgq/ExrjBwqsjyegNacf6i9RuThSPq8=
github.com/jeffjen/datefmt v0.0.0-20180806102909-4cdce70efce1/go.mod h1:9DenzL2pEjSREEHXX/L3Wxg9MlhBMx05LmfQD88uyno=
github.com/kr/pretty v0.1.0 h1:L/CwN0zerZDmRFUapSPitk6f+Q3+0za1rQkzVuMiMFI=
github.com/kr/pretty v0.1.0/go.mod h1:dAy3ld7l9f0ibDNOQOHHMYYIIbhfbHSm3C4ZsoJORNo=
github.com/kr/pty v1.1.1/go.mod h1:pFQYn66WHrOpPYNljwOMqo10TkYh1fy3cYio2l3bCsQ=
github.com/kr/text v0.1.0 h1:45sCR5RtlFHMR4UwH9sdQ5TC8v0qDQCHnXt+kaKSTVE=
github.com/kr/text v0.1.0/go.mod h1:4Jbv+DJW3UT/LiOwJeYQe1efqtUx/iVham/4vfdArNI=
github.com/mattn/go-sqlite3 v1.9.0 h1:pDRiWfl+++eC2FEFRy6jXmQlvp4Yh3z1MJKg4UeYM/4=
github.com/mattn/go-sqlite3 v1.9.0/go.mod h1:FPy6KqzDD04eiIsT53CuJW3U88zkxoIYsOqkbpncsNc=
github.com/mmcdole/gofeed v1.0.0-beta2 h1:CjQ0ADhAwNSb08zknAkGOEYqr8zfZKfrzgk9BxpWP2E=
github.com/mmcdole/gofeed v1.0.0-beta2/go.mod h1:/BF9JneEL2/flujm8XHoxUcghdTV6vvb3xx/vKyChFU=
github.com/mmcdole/goxpp v0.0.0-20170720115402-77e4a51a73ed h1:I1StLV+Wab/bbfFbrNqwikOhIgMbhqUxVd/a5+NQ8QY=
github.com/mmcdole/goxpp v0.0.0-20170720115402-77e4a51a73ed/go.mod h1:pasqhqstspkosTneA62Nc+2p9SOBBYAPbnmRRWPQ0V8=
github.com/pierrec/lz4 v2.0.5+incompatible h1:2xWsjqPFWcplujydGg4WmhC/6fZqK42wMM8aXeqhl0I=
github.com/pierrec/lz4 v2.0.5+incompatible/go.mod h1:pdkljMzZIN41W+lC3N2tnIh5sFi+IEE17M5jbnwPHcY=
github.com/pkg/errors v0.8.0 h1:WdK/asTD0HN+q6hsWO3/vpuAkAr+tw6aNJNDFFf0+qw=
github.com/pkg/errors v0.8.0/go.mod h1:bwawxfHBFNV+L2hUp1rHADufV3IMtnDRdf1r5NINEl0=
github.com/pmezard/go-difflib v1.0.0 h1:4DBwDE0NGyQoBHbLQYPwSUPoCMWR5BEzIk/f1lZbAQM=
github.com/pmezard/go-difflib v1.0.0/go.mod h1:iKH77koFhYxTK1pcRnkKkqfTogsbg7gZNVY4sRDYZ/4=
github.com/spf13/afero v1.1.2 h1:m8/z1t7/fwjysjQRYbP0RD+bUIF/8tJwPdEZsI83ACI=
github.com/spf13/afero v1.1.2/go.mod h1:j4pytiNVoe2o6bmDsKpLACNPDBIoEAkihy7loJ1B0CQ=
github.com/stretchr/testify v1.2.2 h1:bSDNvY7ZPG5RlJ8otE/7V6gMiyenm9RtJ7IUVIAoJ1w=
github.com/stretchr/testify v1.2.2/go.mod h1:a8OnRcib4nhh0OaRAV+Yts87kKdq0PP7pXfy6kDkUVs=
golang.org/x/crypto v0.0.0-20180904163835-0709b304e793 h1:u+LnwYTOOW7Ukr/fppxEb1Nwz0AtPflrblfvUudpo+I=
golang.org/x/crypto v0.0.0-20180904163835-0709b304e793/go.mod h1:6SG95UA2DQfeDnfUPMdvaQW0Q7yPrPDi9nlGo2tz2b4=
golang.org/x/net v0.0.0-20180218175443-cbe0f9307d01/go.mod h1:mL1N/T3taQHkDXs73rZJwtUhF3w3ftmwwsq0BUmARs4=
golang.org/x/net v0.0.0-20180906233101-161cd47e91fd h1:nTDtHvHSdCn1m6ITfMRqtOd/9+7a3s8RBNOZ3eYZzJA=
golang.org/x/net v0.0.0-20180906233101-161cd47e91fd/go.mod h1:mL1N/T3taQHkDXs73rZJwtUhF3w3ftmwwsq0BUmARs4=
golang.org/x/text v0.3.0 h1:g61tztE5qeGQ89tm6NTjjM9VPIm088od1l6aSorWRWg=
golang.org/x/text v0.3.0/go.mod h1:NqM8EUOU14njkJ3fqMW+pc6Ldnwhi/IjpwHt7yyuwOQ=
gopkg.in/check.v1 v0.0.0-20161208181325-20d25e280405/go.mod h1:Co6ibVJAznAaIkqp8huTwlJQCZ016jof/cbN4VW5Yz0=
gopkg.in/check.v1 v1.0.0-20180628173108-788fd7840127 h1:qIbj1fsPNlZgppZ+VLlY7N33q108Sa+fhmuc+sWQYwY=
gopkg.in/check.v1 v1.0.0-20180628173108-788fd7840127/go.mod h1:Co6ibVJAznAaIkqp8huTwlJQCZ016jof/cbN4VW5Yz0=
gopkg.in/yaml.v2 v2.2.1 h1:mUhvW9EsL+naU5Q3cakzfE91YhliOondGd6ZrsDBHQE=
gopkg.in/yaml.v2 v2.2.1/go.mod h1:hI93XBmqTisBFMUTm0b8Fm+jr3Dg1NNxqwp+5A1VGuI=
